
Microsoft Visual Studio Solution File, Format Version 12.00
# Visual Studio 16
VisualStudioVersion = 16.0.28803.452
MinimumVisualStudioVersion = 10.0.40219.1
Project("{2150E333-8FDC-42A3-9474-1A3956D46DE8}") = "src", "src", "{5EA69303-20C6-4906-8F93-298D65E73A92}"
EndProject
Project("{FAE04EC0-301F-11D3-BF4B-00C04F79EFBC}") = "NMatcher", "src\NMatcher\NMatcher.csproj", "{90839D73-9B16-4BCC-8807-0D3C0BF88BF0}"
EndProject
Project("{2150E333-8FDC-42A3-9474-1A3956D46DE8}") = "tests", "tests", "{7E005CFE-FF3B-4E55-B8C4-96E8F2AB4481}"
EndProject
Project("{FAE04EC0-301F-11D3-BF4B-00C04F79EFBC}") = "NMatcher.Tests", "tests\NMatcher.Tests\NMatcher.Tests.csproj", "{CDEBD08B-833E-42E2-A6ED-FAC12EE0E25F}"
EndProject
Project("{FAE04EC0-301F-11D3-BF4B-00C04F79EFBC}") = "NMatcher.IntegrationTests", "tests\NMatcher.IntegrationTests\NMatcher.IntegrationTests.csproj", "{4DE59B9C-826D-441C-878F-C7A4E65DC35B}"
EndProject
Project("{FAE04EC0-301F-11D3-BF4B-00C04F79EFBC}") = "NMatcher.FluentAssertions", "src\NMatcher.FluentAssertions\NMatcher.FluentAssertions.csproj", "{CB8E085C-5062-4AD3-A954-BF64C6B0766B}"
EndProject
Project("{FAE04EC0-301F-11D3-BF4B-00C04F79EFBC}") = "NMatcher.FluentAssertions.Tests", "tests\NMatcher.FluentAssertions.Tests\NMatcher.FluentAssertions.Tests.csproj", "{0DF37F7A-4722-4873-B00F-C8A280F8FADA}"
EndProject
Project("{2150E333-8FDC-42A3-9474-1A3956D46DE8}") = "samples", "samples", "{3964488E-ED62-4F41-970C-763841630355}"
EndProject
Project("{FAE04EC0-301F-11D3-BF4B-00C04F79EFBC}") = "NMatcher.Samples.Api", "samples\NMatcher.Samples.Api\NMatcher.Samples.Api.csproj", "{E6718A10-90BF-4A12-9F62-A41EA160029B}"
EndProject
Project("{FAE04EC0-301F-11D3-BF4B-00C04F79EFBC}") = "NMatcher.Samples.Api.Tests", "samples\NMatcher.Samples.Api.Tests\NMatcher.Samples.Api.Tests.csproj", "{B23EE86F-B5EB-43DA-BCDA-133579782271}"
EndProject
Global
	GlobalSection(SolutionConfigurationPlatforms) = preSolution
		Debug|Any CPU = Debug|Any CPU
		Release|Any CPU = Release|Any CPU
	EndGlobalSection
	GlobalSection(ProjectConfigurationPlatforms) = postSolution
		{90839D73-9B16-4BCC-8807-0D3C0BF88BF0}.Debug|Any CPU.ActiveCfg = Debug|Any CPU
		{90839D73-9B16-4BCC-8807-0D3C0BF88BF0}.Debug|Any CPU.Build.0 = Debug|Any CPU
		{90839D73-9B16-4BCC-8807-0D3C0BF88BF0}.Release|Any CPU.ActiveCfg = Release|Any CPU
		{90839D73-9B16-4BCC-8807-0D3C0BF88BF0}.Release|Any CPU.Build.0 = Release|Any CPU
		{CDEBD08B-833E-42E2-A6ED-FAC12EE0E25F}.Debug|Any CPU.ActiveCfg = Debug|Any CPU
		{CDEBD08B-833E-42E2-A6ED-FAC12EE0E25F}.Debug|Any CPU.Build.0 = Debug|Any CPU
		{CDEBD08B-833E-42E2-A6ED-FAC12EE0E25F}.Release|Any CPU.ActiveCfg = Release|Any CPU
		{CDEBD08B-833E-42E2-A6ED-FAC12EE0E25F}.Release|Any CPU.Build.0 = Release|Any CPU
		{4DE59B9C-826D-441C-878F-C7A4E65DC35B}.Debug|Any CPU.ActiveCfg = Debug|Any CPU
		{4DE59B9C-826D-441C-878F-C7A4E65DC35B}.Debug|Any CPU.Build.0 = Debug|Any CPU
		{4DE59B9C-826D-441C-878F-C7A4E65DC35B}.Release|Any CPU.ActiveCfg = Release|Any CPU
		{4DE59B9C-826D-441C-878F-C7A4E65DC35B}.Release|Any CPU.Build.0 = Release|Any CPU
		{CB8E085C-5062-4AD3-A954-BF64C6B0766B}.Debug|Any CPU.ActiveCfg = Debug|Any CPU
		{CB8E085C-5062-4AD3-A954-BF64C6B0766B}.Debug|Any CPU.Build.0 = Debug|Any CPU
		{CB8E085C-5062-4AD3-A954-BF64C6B0766B}.Release|Any CPU.ActiveCfg = Release|Any CPU
		{CB8E085C-5062-4AD3-A954-BF64C6B0766B}.Release|Any CPU.Build.0 = Release|Any CPU
		{0DF37F7A-4722-4873-B00F-C8A280F8FADA}.Debug|Any CPU.ActiveCfg = Debug|Any CPU
		{0DF37F7A-4722-4873-B00F-C8A280F8FADA}.Debug|Any CPU.Build.0 = Debug|Any CPU
		{0DF37F7A-4722-4873-B00F-C8A280F8FADA}.Release|Any CPU.ActiveCfg = Release|Any CPU
		{0DF37F7A-4722-4873-B00F-C8A280F8FADA}.Release|Any CPU.Build.0 = Release|Any CPU
		{E6718A10-90BF-4A12-9F62-A41EA160029B}.Debug|Any CPU.ActiveCfg = Debug|Any CPU
		{E6718A10-90BF-4A12-9F62-A41EA160029B}.Release|Any CPU.ActiveCfg = Release|Any CPU
		{E6718A10-90BF-4A12-9F62-A41EA160029B}.Release|Any CPU.Build.0 = Release|Any CPU
		{B23EE86F-B5EB-43DA-BCDA-133579782271}.Debug|Any CPU.ActiveCfg = Debug|Any CPU
		{B23EE86F-B5EB-43DA-BCDA-133579782271}.Release|Any CPU.ActiveCfg = Release|Any CPU
		{B23EE86F-B5EB-43DA-BCDA-133579782271}.Release|Any CPU.Build.0 = Release|Any CPU
	EndGlobalSection
	GlobalSection(SolutionProperties) = preSolution
		HideSolutionNode = FALSE
	EndGlobalSection
	GlobalSection(NestedProjects) = preSolution
		{90839D73-9B16-4BCC-8807-0D3C0BF88BF0} = {5EA69303-20C6-4906-8F93-298D65E73A92}
		{CDEBD08B-833E-42E2-A6ED-FAC12EE0E25F} = {7E005CFE-FF3B-4E55-B8C4-96E8F2AB4481}
		{4DE59B9C-826D-441C-878F-C7A4E65DC35B} = {7E005CFE-FF3B-4E55-B8C4-96E8F2AB4481}
		{CB8E085C-5062-4AD3-A954-BF64C6B0766B} = {5EA69303-20C6-4906-8F93-298D65E73A92}
		{0DF37F7A-4722-4873-B00F-C8A280F8FADA} = {7E005CFE-FF3B-4E55-B8C4-96E8F2AB4481}
		{E6718A10-90BF-4A12-9F62-A41EA160029B} = {3964488E-ED62-4F41-970C-763841630355}
		{B23EE86F-B5EB-43DA-BCDA-133579782271} = {3964488E-ED62-4F41-970C-763841630355}
	EndGlobalSection
	GlobalSection(ExtensibilityGlobals) = postSolution
		SolutionGuid = {DAE6A9BE-43BC-4653-BC7C-191832BB7F84}
	EndGlobalSection
EndGlobal
